
Microsoft Visual Studio Solution File, Format Version 12.00
# Visual Studio Version 16
VisualStudioVersion = 16.0.30114.105
MinimumVisualStudioVersion = 10.0.40219.1
Project("{FAE04EC0-301F-11D3-BF4B-00C04F79EFBC}") = "Finbourne.Access.Sdk.Extensions", "Finbourne.Access.Sdk.Extensions\Finbourne.Access.Sdk.Extensions.csproj", "{5A581B2A-FE8B-426D-A60D-9AA984C230D5}"
EndProject
Project("{FAE04EC0-301F-11D3-BF4B-00C04F79EFBC}") = "Finbourne.Access.Sdk.Extensions.Tests", "Finbourne.Access.Sdk.Extensions.Tests\Finbourne.Access.Sdk.Extensions.Tests.csproj", "{F68CDEAA-3BDE-4E01-8537-25EC24BB1C27}"
EndProject
Project("{FAE04EC0-301F-11D3-BF4B-00C04F79EFBC}") = "Finbourne.Access.Sdk.Extensions.IntegrationTests", "Finbourne.Access.Sdk.Extensions.IntegrationTests\Finbourne.Access.Sdk.Extensions.IntegrationTests.csproj", "{EBCD7E0F-4217-43F3-84CE-2CAE945754DE}"
EndProject
Global
	GlobalSection(SolutionConfigurationPlatforms) = preSolution
		Debug|Any CPU = Debug|Any CPU
		Release|Any CPU = Release|Any CPU
	EndGlobalSection
	GlobalSection(SolutionProperties) = preSolution
		HideSolutionNode = FALSE
	EndGlobalSection
	GlobalSection(ProjectConfigurationPlatforms) = postSolution
		{5A581B2A-FE8B-426D-A60D-9AA984C230D5}.Debug|Any CPU.ActiveCfg = Debug|Any CPU
		{5A581B2A-FE8B-426D-A60D-9AA984C230D5}.Debug|Any CPU.Build.0 = Debug|Any CPU
		{5A581B2A-FE8B-426D-A60D-9AA984C230D5}.Release|Any CPU.ActiveCfg = Release|Any CPU
		{5A581B2A-FE8B-426D-A60D-9AA984C230D5}.Release|Any CPU.Build.0 = Release|Any CPU
		{F68CDEAA-3BDE-4E01-8537-25EC24BB1C27}.Debug|Any CPU.ActiveCfg = Debug|Any CPU
		{F68CDEAA-3BDE-4E01-8537-25EC24BB1C27}.Debug|Any CPU.Build.0 = Debug|Any CPU
		{F68CDEAA-3BDE-4E01-8537-25EC24BB1C27}.Release|Any CPU.ActiveCfg = Release|Any CPU
		{F68CDEAA-3BDE-4E01-8537-25EC24BB1C27}.Release|Any CPU.Build.0 = Release|Any CPU
		{EBCD7E0F-4217-43F3-84CE-2CAE945754DE}.Debug|Any CPU.ActiveCfg = Debug|Any CPU
		{EBCD7E0F-4217-43F3-84CE-2CAE945754DE}.Debug|Any CPU.Build.0 = Debug|Any CPU
		{EBCD7E0F-4217-43F3-84CE-2CAE945754DE}.Release|Any CPU.ActiveCfg = Release|Any CPU
		{EBCD7E0F-4217-43F3-84CE-2CAE945754DE}.Release|Any CPU.Build.0 = Release|Any CPU
	EndGlobalSection
EndGlobal
